
Microsoft Visual Studio Solution File, Format Version 12.00
# Visual Studio Version 16
VisualStudioVersion = 16.0.29806.167
MinimumVisualStudioVersion = 10.0.40219.1
Project("{9A19103F-16F7-4668-BE54-9A1E7A4F7556}") = "AdOut.Point.WebApi", "AdOut.Point.WebApi\AdOut.Point.WebApi.csproj", "{E141C074-0EFA-470A-8BF7-CE34F43B5E30}"
EndProject
Project("{FAE04EC0-301F-11D3-BF4B-00C04F79EFBC}") = "AdOut.Point.Model", "AdOut.Point.Model\AdOut.Point.Model.csproj", "{B8493EF8-D025-4285-9836-152AE204E216}"
EndProject
Project("{FAE04EC0-301F-11D3-BF4B-00C04F79EFBC}") = "AdOut.Point.DataProvider", "AdOut.Point.DataProvider\AdOut.Point.DataProvider.csproj", "{16B890E5-2354-43A1-A521-1EF54A50EBF2}"
EndProject
Project("{FAE04EC0-301F-11D3-BF4B-00C04F79EFBC}") = "AdOut.Point.Common", "AdOut.Point.Common\AdOut.Point.Common.csproj", "{9E5980E6-E295-4704-8B97-AF0A0AAEC400}"
EndProject
Project("{FAE04EC0-301F-11D3-BF4B-00C04F79EFBC}") = "AdOut.Point.Core", "AdOut.Point.Core\AdOut.Point.Core.csproj", "{D0B52DC3-30CF-41FC-A44E-20E021F759FD}"
EndProject
Global
	GlobalSection(SolutionConfigurationPlatforms) = preSolution
		Debug|Any CPU = Debug|Any CPU
		Release|Any CPU = Release|Any CPU
	EndGlobalSection
	GlobalSection(ProjectConfigurationPlatforms) = postSolution
		{E141C074-0EFA-470A-8BF7-CE34F43B5E30}.Debug|Any CPU.ActiveCfg = Debug|Any CPU
		{E141C074-0EFA-470A-8BF7-CE34F43B5E30}.Debug|Any CPU.Build.0 = Debug|Any CPU
		{E141C074-0EFA-470A-8BF7-CE34F43B5E30}.Release|Any CPU.ActiveCfg = Release|Any CPU
		{E141C074-0EFA-470A-8BF7-CE34F43B5E30}.Release|Any CPU.Build.0 = Release|Any CPU
		{B8493EF8-D025-4285-9836-152AE204E216}.Debug|Any CPU.ActiveCfg = Debug|Any CPU
		{B8493EF8-D025-4285-9836-152AE204E216}.Debug|Any CPU.Build.0 = Debug|Any CPU
		{B8493EF8-D025-4285-9836-152AE204E216}.Release|Any CPU.ActiveCfg = Release|Any CPU
		{B8493EF8-D025-4285-9836-152AE204E216}.Release|Any CPU.Build.0 = Release|Any CPU
		{16B890E5-2354-43A1-A521-1EF54A50EBF2}.Debug|Any CPU.ActiveCfg = Debug|Any CPU
		{16B890E5-2354-43A1-A521-1EF54A50EBF2}.Debug|Any CPU.Build.0 = Debug|Any CPU
		{16B890E5-2354-43A1-A521-1EF54A50EBF2}.Release|Any CPU.ActiveCfg = Release|Any CPU
		{16B890E5-2354-43A1-A521-1EF54A50EBF2}.Release|Any CPU.Build.0 = Release|Any CPU
		{9E5980E6-E295-4704-8B97-AF0A0AAEC400}.Debug|Any CPU.ActiveCfg = Debug|Any CPU
		{9E5980E6-E295-4704-8B97-AF0A0AAEC400}.Debug|Any CPU.Build.0 = Debug|Any CPU
		{9E5980E6-E295-4704-8B97-AF0A0AAEC400}.Release|Any CPU.ActiveCfg = Release|Any CPU
		{9E5980E6-E295-4704-8B97-AF0A0AAEC400}.Release|Any CPU.Build.0 = Release|Any CPU
		{D0B52DC3-30CF-41FC-A44E-20E021F759FD}.Debug|Any CPU.ActiveCfg = Debug|Any CPU
		{D0B52DC3-30CF-41FC-A44E-20E021F759FD}.Debug|Any CPU.Build.0 = Debug|Any CPU
		{D0B52DC3-30CF-41FC-A44E-20E021F759FD}.Release|Any CPU.ActiveCfg = Release|Any CPU
		{D0B52DC3-30CF-41FC-A44E-20E021F759FD}.Release|Any CPU.Build.0 = Release|Any CPU
	EndGlobalSection
	GlobalSection(SolutionProperties) = preSolution
		HideSolutionNode = FALSE
	EndGlobalSection
	GlobalSection(ExtensibilityGlobals) = postSolution
		SolutionGuid = {88BC61DE-85D8-46DE-98AE-C640D0A4570D}
	EndGlobalSection
EndGlobal
